// !$*UTF8*$!
{
	archiveVersion = 1;
	classes = {
	};
	objectVersion = 46;
	objects = {

/* Begin PBXBuildFile section */
		56FA5EB514E70F78008A2347 /* UIKit.framework in Frameworks */ = {isa = PBXBuildFile; fileRef = 56FA5EB414E70F78008A2347 /* UIKit.framework */; };
		56FA5EB714E70F78008A2347 /* Foundation.framework in Frameworks */ = {isa = PBXBuildFile; fileRef = 56FA5EB614E70F78008A2347 /* Foundation.framework */; };
		56FA5EB914E70F78008A2347 /* CoreGraphics.framework in Frameworks */ = {isa = PBXBuildFile; fileRef = 56FA5EB814E70F78008A2347 /* CoreGraphics.framework */; };
		56FA5EBF14E70F78008A2347 /* InfoPlist.strings in Resources */ = {isa = PBXBuildFile; fileRef = 56FA5EBD14E70F78008A2347 /* InfoPlist.strings */; };
		56FA5EC114E70F78008A2347 /* main.m in Sources */ = {isa = PBXBuildFile; fileRef = 56FA5EC014E70F78008A2347 /* main.m */; };
		56FA5EC514E70F78008A2347 /* SnowMusicAppDelegate.m in Sources */ = {isa = PBXBuildFile; fileRef = 56FA5EC414E70F78008A2347 /* SnowMusicAppDelegate.m */; };
		56FA5EC814E70F78008A2347 /* MainStoryboard_iPhone.storyboard in Resources */ = {isa = PBXBuildFile; fileRef = 56FA5EC614E70F78008A2347 /* MainStoryboard_iPhone.storyboard */; };
		56FA5ECB14E70F78008A2347 /* MainStoryboard_iPad.storyboard in Resources */ = {isa = PBXBuildFile; fileRef = 56FA5EC914E70F78008A2347 /* MainStoryboard_iPad.storyboard */; };
		56FA5ECE14E70F78008A2347 /* SnowMusicViewController.m in Sources */ = {isa = PBXBuildFile; fileRef = 56FA5ECD14E70F78008A2347 /* SnowMusicViewController.m */; };
		56FA5ED614E70F78008A2347 /* SenTestingKit.framework in Frameworks */ = {isa = PBXBuildFile; fileRef = 56FA5ED514E70F78008A2347 /* SenTestingKit.framework */; };
		56FA5ED714E70F78008A2347 /* UIKit.framework in Frameworks */ = {isa = PBXBuildFile; fileRef = 56FA5EB414E70F78008A2347 /* UIKit.framework */; };
		56FA5ED814E70F78008A2347 /* Foundation.framework in Frameworks */ = {isa = PBXBuildFile; fileRef = 56FA5EB614E70F78008A2347 /* Foundation.framework */; };
		56FA5EE014E70F78008A2347 /* InfoPlist.strings in Resources */ = {isa = PBXBuildFile; fileRef = 56FA5EDE14E70F78008A2347 /* InfoPlist.strings */; };
		56FA5EE314E70F78008A2347 /* SnowMusicTests.m in Sources */ = {isa = PBXBuildFile; fileRef = 56FA5EE214E70F78008A2347 /* SnowMusicTests.m */; };
/* End PBXBuildFile section */

/* Begin PBXContainerItemProxy section */
		56FA5ED914E70F78008A2347 /* PBXContainerItemProxy */ = {
			isa = PBXContainerItemProxy;
			containerPortal = 56FA5EA714E70F78008A2347 /* Project object */;
			proxyType = 1;
			remoteGlobalIDString = 56FA5EAF14E70F78008A2347;
			remoteInfo = SnowMusic;
		};
/* End PBXContainerItemProxy section */

/* Begin PBXFileReference section */
		56FA5EB014E70F78008A2347 /* SnowMusic.app */ = {isa = PBXFileReference; explicitFileType = wrapper.application; includeInIndex = 0; path = SnowMusic.app; sourceTree = BUILT_PRODUCTS_DIR; };
		56FA5EB414E70F78008A2347 /* UIKit.framework */ = {isa = PBXFileReference; lastKnownFileType = wrapper.framework; name = UIKit.framework; path = System/Library/Frameworks/UIKit.framework; sourceTree = SDKROOT; };
		56FA5EB614E70F78008A2347 /* Foundation.framework */ = {isa = PBXFileReference; lastKnownFileType = wrapper.framework; name = Foundation.framework; path = System/Library/Frameworks/Foundation.framework; sourceTree = SDKROOT; };
		56FA5EB814E70F78008A2347 /* CoreGraphics.framework */ = {isa = PBXFileReference; lastKnownFileType = wrapper.framework; name = CoreGraphics.framework; path = System/Library/Frameworks/CoreGraphics.framework; sourceTree = SDKROOT; };
		56FA5EBC14E70F78008A2347 /* SnowMusic-Info.plist */ = {isa = PBXFileReference; path = "SnowMusic-Info.plist"; sourceTree = "<group>"; };
		56FA5EBE14E70F78008A2347 /* en */ = {isa = PBXFileReference; lastKnownFileType = text.plist.strings; name = en; path = en.lproj/InfoPlist.strings; sourceTree = "<group>"; };
		56FA5EC014E70F78008A2347 /* main.m */ = {isa = PBXFileReference; lastKnownFileType = sourcecode.c.objc; path = main.m; sourceTree = "<group>"; };
		56FA5EC214E70F78008A2347 /* SnowMusic-Prefix.pch */ = {isa = PBXFileReference; path = "SnowMusic-Prefix.pch"; sourceTree = "<group>"; };
		56FA5EC314E70F78008A2347 /* SnowMusicAppDelegate.h */ = {isa = PBXFileReference; path = SnowMusicAppDelegate.h; sourceTree = "<group>"; };
		56FA5EC414E70F78008A2347 /* SnowMusicAppDelegate.m */ = {isa = PBXFileReference; lastKnownFileType = sourcecode.c.objc; path = SnowMusicAppDelegate.m; sourceTree = "<group>"; };
		56FA5EC714E70F78008A2347 /* en */ = {isa = PBXFileReference; lastKnownFileType = file.storyboard; name = en; path = en.lproj/MainStoryboard_iPhone.storyboard; sourceTree = "<group>"; };
		56FA5ECA14E70F78008A2347 /* en */ = {isa = PBXFileReference; lastKnownFileType = file.storyboard; name = en; path = en.lproj/MainStoryboard_iPad.storyboard; sourceTree = "<group>"; };
		56FA5ECC14E70F78008A2347 /* SnowMusicViewController.h */ = {isa = PBXFileReference; path = SnowMusicViewController.h; sourceTree = "<group>"; };
		56FA5ECD14E70F78008A2347 /* SnowMusicViewController.m */ = {isa = PBXFileReference; lastKnownFileType = sourcecode.c.objc; path = SnowMusicViewController.m; sourceTree = "<group>"; };
		56FA5ED414E70F78008A2347 /* SnowMusicTests.octest */ = {isa = PBXFileReference; explicitFileType = wrapper.cfbundle; includeInIndex = 0; path = SnowMusicTests.octest; sourceTree = BUILT_PRODUCTS_DIR; };
		56FA5ED514E70F78008A2347 /* SenTestingKit.framework */ = {isa = PBXFileReference; lastKnownFileType = wrapper.framework; name = SenTestingKit.framework; path = Library/Frameworks/SenTestingKit.framework; sourceTree = DEVELOPER_DIR; };
		56FA5EDD14E70F78008A2347 /* SnowMusicTests-Info.plist */ = {isa = PBXFileReference; path = "SnowMusicTests-Info.plist"; sourceTree = "<group>"; };
		56FA5EDF14E70F78008A2347 /* en */ = {isa = PBXFileReference; lastKnownFileType = text.plist.strings; name = en; path = en.lproj/InfoPlist.strings; sourceTree = "<group>"; };
		56FA5EE114E70F78008A2347 /* SnowMusicTests.h */ = {isa = PBXFileReference; path = SnowMusicTests.h; sourceTree = "<group>"; };
		56FA5EE214E70F78008A2347 /* SnowMusicTests.m */ = {isa = PBXFileReference; lastKnownFileType = sourcecode.c.objc; path = SnowMusicTests.m; sourceTree = "<group>"; };
/* End PBXFileReference section */

/* Begin PBXFrameworksBuildPhase section */
		56FA5EAD14E70F78008A2347 /* Frameworks */ = {
			isa = PBXFrameworksBuildPhase;
			buildActionMask = 2147483647;
			files = (
				56FA5EB514E70F78008A2347 /* UIKit.framework in Frameworks */,
				56FA5EB714E70F78008A2347 /* Foundation.framework in Frameworks */,
				56FA5EB914E70F78008A2347 /* CoreGraphics.framework in Frameworks */,
			);
			runOnlyForDeploymentPostprocessing = 0;
		};
		56FA5ED014E70F78008A2347 /* Frameworks */ = {
			isa = PBXFrameworksBuildPhase;
			buildActionMask = 2147483647;
			files = (
				56FA5ED614E70F78008A2347 /* SenTestingKit.framework in Frameworks */,
				56FA5ED714E70F78008A2347 /* UIKit.framework in Frameworks */,
				56FA5ED814E70F78008A2347 /* Foundation.framework in Frameworks */,
			);
			runOnlyForDeploymentPostprocessing = 0;
		};
/* End PBXFrameworksBuildPhase section */

/* Begin PBXGroup section */
		56FA5EA514E70F78008A2347 = {
			isa = PBXGroup;
			children = (
				56FA5EBA14E70F78008A2347 /* SnowMusic */,
				56FA5EDB14E70F78008A2347 /* SnowMusicTests */,
				56FA5EB314E70F78008A2347 /* Frameworks */,
				56FA5EB114E70F78008A2347 /* Products */,
			);
			sourceTree = "<group>";
		};
		56FA5EB114E70F78008A2347 /* Products */ = {
			isa = PBXGroup;
			children = (
				56FA5EB014E70F78008A2347 /* SnowMusic.app */,
				56FA5ED414E70F78008A2347 /* SnowMusicTests.octest */,
			);
			name = Products;
			sourceTree = "<group>";
		};
		56FA5EB314E70F78008A2347 /* Frameworks */ = {
			isa = PBXGroup;
			children = (
				56FA5EB414E70F78008A2347 /* UIKit.framework */,
				56FA5EB614E70F78008A2347 /* Foundation.framework */,
				56FA5EB814E70F78008A2347 /* CoreGraphics.framework */,
				56FA5ED514E70F78008A2347 /* SenTestingKit.framework */,
			);
			name = Frameworks;
			sourceTree = "<group>";
		};
		56FA5EBA14E70F78008A2347 /* SnowMusic */ = {
			isa = PBXGroup;
			children = (
				56FA5EC314E70F78008A2347 /* SnowMusicAppDelegate.h */,
				56FA5EC414E70F78008A2347 /* SnowMusicAppDelegate.m */,
				56FA5EC614E70F78008A2347 /* MainStoryboard_iPhone.storyboard */,
				56FA5EC914E70F78008A2347 /* MainStoryboard_iPad.storyboard */,
				56FA5ECC14E70F78008A2347 /* SnowMusicViewController.h */,
				56FA5ECD14E70F78008A2347 /* SnowMusicViewController.m */,
				56FA5EBB14E70F78008A2347 /* Supporting Files */,
			);
			path = SnowMusic;
			sourceTree = "<group>";
		};
		56FA5EBB14E70F78008A2347 /* Supporting Files */ = {
			isa = PBXGroup;
			children = (
				56FA5EBC14E70F78008A2347 /* SnowMusic-Info.plist */,
				56FA5EBD14E70F78008A2347 /* InfoPlist.strings */,
				56FA5EC014E70F78008A2347 /* main.m */,
				56FA5EC214E70F78008A2347 /* SnowMusic-Prefix.pch */,
			);
			name = "Supporting Files";
			sourceTree = "<group>";
		};
		56FA5EDB14E70F78008A2347 /* SnowMusicTests */ = {
			isa = PBXGroup;
			children = (
				56FA5EE114E70F78008A2347 /* SnowMusicTests.h */,
				56FA5EE214E70F78008A2347 /* SnowMusicTests.m */,
				56FA5EDC14E70F78008A2347 /* Supporting Files */,
			);
			path = SnowMusicTests;
			sourceTree = "<group>";
		};
		56FA5EDC14E70F78008A2347 /* Supporting Files */ = {
			isa = PBXGroup;
			children = (
				56FA5EDD14E70F78008A2347 /* SnowMusicTests-Info.plist */,
				56FA5EDE14E70F78008A2347 /* InfoPlist.strings */,
			);
			name = "Supporting Files";
			sourceTree = "<group>";
		};
/* End PBXGroup section */

/* Begin PBXNativeTarget section */
		56FA5EAF14E70F78008A2347 /* SnowMusic */ = {
			isa = PBXNativeTarget;
			buildConfigurationList = 56FA5EE614E70F78008A2347 /* Build configuration list for PBXNativeTarget "SnowMusic" */;
			buildPhases = (
				56FA5EAC14E70F78008A2347 /* Sources */,
				56FA5EAD14E70F78008A2347 /* Frameworks */,
				56FA5EAE14E70F78008A2347 /* Resources */,
			);
			buildRules = (
			);
			dependencies = (
			);
			name = SnowMusic;
			productName = SnowMusic;
			productReference = 56FA5EB014E70F78008A2347 /* SnowMusic.app */;
			productType = "com.apple.product-type.application";
		};
		56FA5ED314E70F78008A2347 /* SnowMusicTests */ = {
			isa = PBXNativeTarget;
			buildConfigurationList = 56FA5EE914E70F79008A2347 /* Build configuration list for PBXNativeTarget "SnowMusicTests" */;
			buildPhases = (
				56FA5ECF14E70F78008A2347 /* Sources */,
				56FA5ED014E70F78008A2347 /* Frameworks */,
				56FA5ED114E70F78008A2347 /* Resources */,
				56FA5ED214E70F78008A2347 /* ShellScript */,
			);
			buildRules = (
			);
			dependencies = (
				56FA5EDA14E70F78008A2347 /* PBXTargetDependency */,
			);
			name = SnowMusicTests;
			productName = SnowMusicTests;
			productReference = 56FA5ED414E70F78008A2347 /* SnowMusicTests.octest */;
			productType = "com.apple.product-type.bundle";
		};
/* End PBXNativeTarget section */

/* Begin PBXProject section */
		56FA5EA714E70F78008A2347 /* Project object */ = {
			isa = PBXProject;
			attributes = {
				LastUpgradeCheck = 0420;
				ORGANIZATIONNAME = "Charles Martin Percussion";
			};
			buildConfigurationList = 56FA5EAA14E70F78008A2347 /* Build configuration list for PBXProject "SnowMusic" */;
			compatibilityVersion = "Xcode 3.2";
			developmentRegion = English;
			hasScannedForEncodings = 0;
			knownRegions = (
				en,
			);
			mainGroup = 56FA5EA514E70F78008A2347;
			productRefGroup = 56FA5EB114E70F78008A2347 /* Products */;
			projectDirPath = "";
			projectRoot = "";
			targets = (
				56FA5EAF14E70F78008A2347 /* SnowMusic */,
				56FA5ED314E70F78008A2347 /* SnowMusicTests */,
			);
		};
/* End PBXProject section */

/* Begin PBXResourcesBuildPhase section */
		56FA5EAE14E70F78008A2347 /* Resources */ = {
			isa = PBXResourcesBuildPhase;
			buildActionMask = 2147483647;
			files = (
				56FA5EBF14E70F78008A2347 /* InfoPlist.strings in Resources */,
				56FA5EC814E70F78008A2347 /* MainStoryboard_iPhone.storyboard in Resources */,
				56FA5ECB14E70F78008A2347 /* MainStoryboard_iPad.storyboard in Resources */,
			);
			runOnlyForDeploymentPostprocessing = 0;
		};
		56FA5ED114E70F78008A2347 /* Resources */ = {
			isa = PBXResourcesBuildPhase;
			buildActionMask = 2147483647;
			files = (
				56FA5EE014E70F78008A2347 /* InfoPlist.strings in Resources */,
			);
			runOnlyForDeploymentPostprocessing = 0;
		};
/* End PBXResourcesBuildPhase section */

/* Begin PBXShellScriptBuildPhase section */
		56FA5ED214E70F78008A2347 /* ShellScript */ = {
			isa = PBXShellScriptBuildPhase;
			buildActionMask = 2147483647;
			files = (
			);
			inputPaths = (
			);
			outputPaths = (
			);
			runOnlyForDeploymentPostprocessing = 0;
			shellPath = /bin/sh;
			shellScript = "# Run the unit tests in this test bundle.\n\"${SYSTEM_DEVELOPER_DIR}/Tools/RunUnitTests\"\n";
		};
/* End PBXShellScriptBuildPhase section */

/* Begin PBXSourcesBuildPhase section */
		56FA5EAC14E70F78008A2347 /* Sources */ = {
			isa = PBXSourcesBuildPhase;
			buildActionMask = 2147483647;
			files = (
				56FA5EC114E70F78008A2347 /* main.m in Sources */,
				56FA5EC514E70F78008A2347 /* SnowMusicAppDelegate.m in Sources */,
				56FA5ECE14E70F78008A2347 /* SnowMusicViewController.m in Sources */,
			);
			runOnlyForDeploymentPostprocessing = 0;
		};
		56FA5ECF14E70F78008A2347 /* Sources */ = {
			isa = PBXSourcesBuildPhase;
			buildActionMask = 2147483647;
			files = (
				56FA5EE314E70F78008A2347 /* SnowMusicTests.m in Sources */,
			);
			runOnlyForDeploymentPostprocessing = 0;
		};
/* End PBXSourcesBuildPhase section */

/* Begin PBXTargetDependency section */
		56FA5EDA14E70F78008A2347 /* PBXTargetDependency */ = {
			isa = PBXTargetDependency;
			target = 56FA5EAF14E70F78008A2347 /* SnowMusic */;
			targetProxy = 56FA5ED914E70F78008A2347 /* PBXContainerItemProxy */;
		};
/* End PBXTargetDependency section */

/* Begin PBXVariantGroup section */
		56FA5EBD14E70F78008A2347 /* InfoPlist.strings */ = {
			isa = PBXVariantGroup;
			children = (
				56FA5EBE14E70F78008A2347 /* en */,
			);
			name = InfoPlist.strings;
			sourceTree = "<group>";
		};
		56FA5EC614E70F78008A2347 /* MainStoryboard_iPhone.storyboard */ = {
			isa = PBXVariantGroup;
			children = (
				56FA5EC714E70F78008A2347 /* en */,
			);
			name = MainStoryboard_iPhone.storyboard;
			sourceTree = "<group>";
		};
		56FA5EC914E70F78008A2347 /* MainStoryboard_iPad.storyboard */ = {
			isa = PBXVariantGroup;
			children = (
				56FA5ECA14E70F78008A2347 /* en */,
			);
			name = MainStoryboard_iPad.storyboard;
			sourceTree = "<group>";
		};
		56FA5EDE14E70F78008A2347 /* InfoPlist.strings */ = {
			isa = PBXVariantGroup;
			children = (
				56FA5EDF14E70F78008A2347 /* en */,
			);
			name = InfoPlist.strings;
			sourceTree = "<group>";
		};
/* End PBXVariantGroup section */

/* Begin XCBuildConfiguration section */
		56FA5EE414E70F78008A2347 /* Debug */ = {
			isa = XCBuildConfiguration;
			buildSettings = {
				ALWAYS_SEARCH_USER_PATHS = NO;
				ARCHS = "$(ARCHS_STANDARD_32_BIT)";
				CLANG_ENABLE_OBJC_ARC = YES;
				"CODE_SIGN_IDENTITY[sdk=iphoneos*]" = "iPhone Developer";
				COPY_PHASE_STRIP = NO;
				GCC_C_LANGUAGE_STANDARD = gnu99;
				GCC_DYNAMIC_NO_PIC = NO;
				GCC_OPTIMIZATION_LEVEL = 0;
				GCC_PREPROCESSOR_DEFINITIONS = (
					"DEBUG=1",
					"$(inherited)",
				);
				GCC_SYMBOLS_PRIVATE_EXTERN = NO;
				GCC_VERSION = com.apple.compilers.llvm.clang.1_0;
				GCC_WARN_ABOUT_MISSING_PROTOTYPES = YES;
				GCC_WARN_ABOUT_RETURN_TYPE = YES;
				GCC_WARN_UNUSED_VARIABLE = YES;
				IPHONEOS_DEPLOYMENT_TARGET = 5.0;
				SDKROOT = iphoneos;
				TARGETED_DEVICE_FAMILY = "1,2";
			};
			name = Debug;
		};
		56FA5EE514E70F78008A2347 /* Release */ = {
			isa = XCBuildConfiguration;
			buildSettings = {
				ALWAYS_SEARCH_USER_PATHS = NO;
				ARCHS = "$(ARCHS_STANDARD_32_BIT)";
				CLANG_ENABLE_OBJC_ARC = YES;
				"CODE_SIGN_IDENTITY[sdk=iphoneos*]" = "iPhone Developer";
				COPY_PHASE_STRIP = YES;
				GCC_C_LANGUAGE_STANDARD = gnu99;
				GCC_VERSION = com.apple.compilers.llvm.clang.1_0;
				GCC_WARN_ABOUT_MISSING_PROTOTYPES = YES;
				GCC_WARN_ABOUT_RETURN_TYPE = YES;
				GCC_WARN_UNUSED_VARIABLE = YES;
				IPHONEOS_DEPLOYMENT_TARGET = 5.0;
				OTHER_CFLAGS = "-DNS_BLOCK_ASSERTIONS=1";
				SDKROOT = iphoneos;
				TARGETED_DEVICE_FAMILY = "1,2";
				VALIDATE_PRODUCT = YES;
			};
			name = Release;
		};
		56FA5EE714E70F78008A2347 /* Debug */ = {
			isa = XCBuildConfiguration;
			buildSettings = {
				GCC_PRECOMPILE_PREFIX_HEADER = YES;
				GCC_PREFIX_HEADER = "SnowMusic/SnowMusic-Prefix.pch";
				INFOPLIST_FILE = "SnowMusic/SnowMusic-Info.plist";
				PRODUCT_NAME = "$(TARGET_NAME)";
				WRAPPER_EXTENSION = app;
			};
			name = Debug;
		};
		56FA5EE814E70F78008A2347 /* Release */ = {
			isa = XCBuildConfiguration;
			buildSettings = {
				GCC_PRECOMPILE_PREFIX_HEADER = YES;
				GCC_PREFIX_HEADER = "SnowMusic/SnowMusic-Prefix.pch";
				INFOPLIST_FILE = "SnowMusic/SnowMusic-Info.plist";
				PRODUCT_NAME = "$(TARGET_NAME)";
				WRAPPER_EXTENSION = app;
			};
			name = Release;
		};
		56FA5EEA14E70F79008A2347 /* Debug */ = {
			isa = XCBuildConfiguration;
			buildSettings = {
				BUNDLE_LOADER = "$(BUILT_PRODUCTS_DIR)/SnowMusic.app/SnowMusic";
				FRAMEWORK_SEARCH_PATHS = (
					"$(SDKROOT)/Developer/Library/Frameworks",
					"$(DEVELOPER_LIBRARY_DIR)/Frameworks",
				);
				GCC_PRECOMPILE_PREFIX_HEADER = YES;
				GCC_PREFIX_HEADER = "SnowMusic/SnowMusic-Prefix.pch";
				INFOPLIST_FILE = "SnowMusicTests/SnowMusicTests-Info.plist";
				PRODUCT_NAME = "$(TARGET_NAME)";
				TEST_HOST = "$(BUNDLE_LOADER)";
				WRAPPER_EXTENSION = octest;
			};
			name = Debug;
		};
		56FA5EEB14E70F79008A2347 /* Release */ = {
			isa = XCBuildConfiguration;
			buildSettings = {
				BUNDLE_LOADER = "$(BUILT_PRODUCTS_DIR)/SnowMusic.app/SnowMusic";
				FRAMEWORK_SEARCH_PATHS = (
					"$(SDKROOT)/Developer/Library/Frameworks",
					"$(DEVELOPER_LIBRARY_DIR)/Frameworks",
				);
				GCC_PRECOMPILE_PREFIX_HEADER = YES;
				GCC_PREFIX_HEADER = "SnowMusic/SnowMusic-Prefix.pch";
				INFOPLIST_FILE = "SnowMusicTests/SnowMusicTests-Info.plist";
				PRODUCT_NAME = "$(TARGET_NAME)";
				TEST_HOST = "$(BUNDLE_LOADER)";
				WRAPPER_EXTENSION = octest;
			};
			name = Release;
		};
/* End XCBuildConfiguration section */

/* Begin XCConfigurationList section */
		56FA5EAA14E70F78008A2347 /* Build configuration list for PBXProject "SnowMusic" */ = {
			isa = XCConfigurationList;
			buildConfigurations = (
				56FA5EE414E70F78008A2347 /* Debug */,
				56FA5EE514E70F78008A2347 /* Release */,
			);
			defaultConfigurationIsVisible = 0;
			defaultConfigurationName = Release;
		};
		56FA5EE614E70F78008A2347 /* Build configuration list for PBXNativeTarget "SnowMusic" */ = {
			isa = XCConfigurationList;
			buildConfigurations = (
				56FA5EE714E70F78008A2347 /* Debug */,
				56FA5EE814E70F78008A2347 /* Release */,
			);
			defaultConfigurationIsVisible = 0;
		};
		56FA5EE914E70F79008A2347 /* Build configuration list for PBXNativeTarget "SnowMusicTests" */ = {
			isa = XCConfigurationList;
			buildConfigurations = (
				56FA5EEA14E70F79008A2347 /* Debug */,
				56FA5EEB14E70F79008A2347 /* Release */,
			);
			defaultConfigurationIsVisible = 0;
		};
/* End XCConfigurationList section */
	};
	rootObject = 56FA5EA714E70F78008A2347 /* Project object */;
}
