PODS:
  - libpd (0.10.0)

DEPENDENCIES:
  - libpd (from `https://github.com/libpd/libpd`)

EXTERNAL SOURCES:
  libpd:
    :git: https://github.com/libpd/libpd
    :submodules: true

CHECKOUT OPTIONS:
  libpd:
    :commit: 9a0bbd2a2b461c8345d5df5e9d347510b37756db
    :git: https://github.com/libpd/libpd
    :submodules: true

SPEC CHECKSUMS:
  libpd: 2190cca0c4cc9bfe457499c1bd82e197da433847

PODFILE CHECKSUM: abcf094c8ae04e159e806b27caac0d826d5c9846

COCOAPODS: 1.2.0.beta.3
